// !$*UTF8*$!
{
	archiveVersion = 1;
	classes = {
	};
	objectVersion = 46;
	objects = {

/* Begin PBXBuildFile section */
		1B849F011CBEA0E5001BEBF5 /* AppDelegate.swift in Sources */ = {isa = PBXBuildFile; fileRef = 1B849F001CBEA0E5001BEBF5 /* AppDelegate.swift */; };
		1B849F031CBEA0E5001BEBF5 /* ViewController.swift in Sources */ = {isa = PBXBuildFile; fileRef = 1B849F021CBEA0E5001BEBF5 /* ViewController.swift */; };
		1B849F061CBEA0E5001BEBF5 /* Main.storyboard in Resources */ = {isa = PBXBuildFile; fileRef = 1B849F041CBEA0E5001BEBF5 /* Main.storyboard */; };
		1B849F081CBEA0E5001BEBF5 /* Assets.xcassets in Resources */ = {isa = PBXBuildFile; fileRef = 1B849F071CBEA0E5001BEBF5 /* Assets.xcassets */; };
		1B849F0B1CBEA0E5001BEBF5 /* LaunchScreen.storyboard in Resources */ = {isa = PBXBuildFile; fileRef = 1B849F091CBEA0E5001BEBF5 /* LaunchScreen.storyboard */; };
		1B849F1A1CBEA580001BEBF5 /* Mentor.swift in Sources */ = {isa = PBXBuildFile; fileRef = 1B849F191CBEA580001BEBF5 /* Mentor.swift */; };
		1B849F1C1CBEF497001BEBF5 /* MentorTableViewCell.swift in Sources */ = {isa = PBXBuildFile; fileRef = 1B849F1B1CBEF497001BEBF5 /* MentorTableViewCell.swift */; };
		71EE280BCCB573953128B559 /* Pods.framework in Frameworks */ = {isa = PBXBuildFile; fileRef = F9669C4F92BD98182C7AAF38 /* Pods.framework */; };
/* End PBXBuildFile section */

/* Begin PBXFileReference section */
		1B849EFD1CBEA0E5001BEBF5 /* SpecialtiesSearch.app */ = {isa = PBXFileReference; explicitFileType = wrapper.application; includeInIndex = 0; path = SpecialtiesSearch.app; sourceTree = BUILT_PRODUCTS_DIR; };
		1B849F001CBEA0E5001BEBF5 /* AppDelegate.swift */ = {isa = PBXFileReference; lastKnownFileType = sourcecode.swift; path = AppDelegate.swift; sourceTree = "<group>"; };
		1B849F021CBEA0E5001BEBF5 /* ViewController.swift */ = {isa = PBXFileReference; lastKnownFileType = sourcecode.swift; path = ViewController.swift; sourceTree = "<group>"; };
		1B849F051CBEA0E5001BEBF5 /* Base */ = {isa = PBXFileReference; lastKnownFileType = file.storyboard; name = Base; path = Base.lproj/Main.storyboard; sourceTree = "<group>"; };
		1B849F071CBEA0E5001BEBF5 /* Assets.xcassets */ = {isa = PBXFileReference; lastKnownFileType = folder.assetcatalog; path = Assets.xcassets; sourceTree = "<group>"; };
		1B849F0A1CBEA0E5001BEBF5 /* Base */ = {isa = PBXFileReference; lastKnownFileType = file.storyboard; name = Base; path = Base.lproj/LaunchScreen.storyboard; sourceTree = "<group>"; };
		1B849F0C1CBEA0E5001BEBF5 /* Info.plist */ = {isa = PBXFileReference; lastKnownFileType = text.plist.xml; path = Info.plist; sourceTree = "<group>"; };
		1B849F191CBEA580001BEBF5 /* Mentor.swift */ = {isa = PBXFileReference; fileEncoding = 4; lastKnownFileType = sourcecode.swift; path = Mentor.swift; sourceTree = "<group>"; };
		1B849F1B1CBEF497001BEBF5 /* MentorTableViewCell.swift */ = {isa = PBXFileReference; fileEncoding = 4; lastKnownFileType = sourcecode.swift; path = MentorTableViewCell.swift; sourceTree = "<group>"; };
		6E4A9A294FDCB57BDC59F442 /* Pods.debug.xcconfig */ = {isa = PBXFileReference; includeInIndex = 1; lastKnownFileType = text.xcconfig; name = Pods.debug.xcconfig; path = "Pods/Target Support Files/Pods/Pods.debug.xcconfig"; sourceTree = "<group>"; };
		F4318F0E6AFC1168912D271A /* Pods.release.xcconfig */ = {isa = PBXFileReference; includeInIndex = 1; lastKnownFileType = text.xcconfig; name = Pods.release.xcconfig; path = "Pods/Target Support Files/Pods/Pods.release.xcconfig"; sourceTree = "<group>"; };
		F9669C4F92BD98182C7AAF38 /* Pods.framework */ = {isa = PBXFileReference; explicitFileType = wrapper.framework; includeInIndex = 0; path = Pods.framework; sourceTree = BUILT_PRODUCTS_DIR; };
/* End PBXFileReference section */

/* Begin PBXFrameworksBuildPhase section */
		1B849EFA1CBEA0E5001BEBF5 /* Frameworks */ = {
			isa = PBXFrameworksBuildPhase;
			buildActionMask = 2147483647;
			files = (
				71EE280BCCB573953128B559 /* Pods.framework in Frameworks */,
			);
			runOnlyForDeploymentPostprocessing = 0;
		};
/* End PBXFrameworksBuildPhase section */

/* Begin PBXGroup section */
		1B849EF41CBEA0E5001BEBF5 = {
			isa = PBXGroup;
			children = (
				1B849EFF1CBEA0E5001BEBF5 /* SpecialtiesSearch */,
				1B849F131CBEA1E6001BEBF5 /* Assets */,
				1B849EFE1CBEA0E5001BEBF5 /* Products */,
				2CEAB7A69FEBE68BFC92FEAE /* Pods */,
				AE862493C190DE1C18AB78E8 /* Frameworks */,
			);
			sourceTree = "<group>";
		};
		1B849EFE1CBEA0E5001BEBF5 /* Products */ = {
			isa = PBXGroup;
			children = (
				1B849EFD1CBEA0E5001BEBF5 /* SpecialtiesSearch.app */,
			);
			name = Products;
			sourceTree = "<group>";
		};
		1B849EFF1CBEA0E5001BEBF5 /* SpecialtiesSearch */ = {
			isa = PBXGroup;
			children = (
				1B849F121CBEA1E0001BEBF5 /* UI */,
				1B849F151CBEA1F1001BEBF5 /* View */,
				1B849F141CBEA1EA001BEBF5 /* Controller */,
				1B849F161CBEA1F4001BEBF5 /* Model */,
				1B849F001CBEA0E5001BEBF5 /* AppDelegate.swift */,
			);
			path = SpecialtiesSearch;
			sourceTree = "<group>";
		};
		1B849F121CBEA1E0001BEBF5 /* UI */ = {
			isa = PBXGroup;
			children = (
				1B849F041CBEA0E5001BEBF5 /* Main.storyboard */,
				1B849F091CBEA0E5001BEBF5 /* LaunchScreen.storyboard */,
			);
			name = UI;
			sourceTree = "<group>";
		};
		1B849F131CBEA1E6001BEBF5 /* Assets */ = {
			isa = PBXGroup;
			children = (
				1B849F071CBEA0E5001BEBF5 /* Assets.xcassets */,
				1B849F0C1CBEA0E5001BEBF5 /* Info.plist */,
			);
			name = Assets;
			path = SpecialtiesSearch;
			sourceTree = "<group>";
		};
		1B849F141CBEA1EA001BEBF5 /* Controller */ = {
			isa = PBXGroup;
			children = (
				1B849F021CBEA0E5001BEBF5 /* ViewController.swift */,
			);
			name = Controller;
			sourceTree = "<group>";
		};
		1B849F151CBEA1F1001BEBF5 /* View */ = {
			isa = PBXGroup;
			children = (
				1B849F1B1CBEF497001BEBF5 /* MentorTableViewCell.swift */,
			);
			name = View;
			sourceTree = "<group>";
		};
		1B849F161CBEA1F4001BEBF5 /* Model */ = {
			isa = PBXGroup;
			children = (
				1B849F191CBEA580001BEBF5 /* Mentor.swift */,
			);
			name = Model;
			sourceTree = "<group>";
		};
		2CEAB7A69FEBE68BFC92FEAE /* Pods */ = {
			isa = PBXGroup;
			children = (
				6E4A9A294FDCB57BDC59F442 /* Pods.debug.xcconfig */,
				F4318F0E6AFC1168912D271A /* Pods.release.xcconfig */,
			);
			name = Pods;
			sourceTree = "<group>";
		};
		AE862493C190DE1C18AB78E8 /* Frameworks */ = {
			isa = PBXGroup;
			children = (
				F9669C4F92BD98182C7AAF38 /* Pods.framework */,
			);
			name = Frameworks;
			sourceTree = "<group>";
		};
/* End PBXGroup section */

/* Begin PBXNativeTarget section */
		1B849EFC1CBEA0E5001BEBF5 /* SpecialtiesSearch */ = {
			isa = PBXNativeTarget;
			buildConfigurationList = 1B849F0F1CBEA0E5001BEBF5 /* Build configuration list for PBXNativeTarget "SpecialtiesSearch" */;
			buildPhases = (
				8E4F75F254B7ECA04737EA5E /* Check Pods Manifest.lock */,
				1B849EF91CBEA0E5001BEBF5 /* Sources */,
				1B849EFA1CBEA0E5001BEBF5 /* Frameworks */,
				1B849EFB1CBEA0E5001BEBF5 /* Resources */,
				475219CEAB9E4CE6D88E6B23 /* Embed Pods Frameworks */,
				EE0CEC7C18860B67BAF937AD /* Copy Pods Resources */,
			);
			buildRules = (
			);
			dependencies = (
			);
			name = SpecialtiesSearch;
			productName = SpecialtiesSearch;
			productReference = 1B849EFD1CBEA0E5001BEBF5 /* SpecialtiesSearch.app */;
			productType = "com.apple.product-type.application";
		};
/* End PBXNativeTarget section */

/* Begin PBXProject section */
		1B849EF51CBEA0E5001BEBF5 /* Project object */ = {
			isa = PBXProject;
			attributes = {
				LastSwiftUpdateCheck = 0730;
				LastUpgradeCheck = 0730;
				ORGANIZATIONNAME = "Nelson Chow";
				TargetAttributes = {
					1B849EFC1CBEA0E5001BEBF5 = {
						CreatedOnToolsVersion = 7.3;
						DevelopmentTeam = 9WJCEPJG8Q;
					};
				};
			};
			buildConfigurationList = 1B849EF81CBEA0E5001BEBF5 /* Build configuration list for PBXProject "SpecialtiesSearch" */;
			compatibilityVersion = "Xcode 3.2";
			developmentRegion = English;
			hasScannedForEncodings = 0;
			knownRegions = (
				en,
				Base,
			);
			mainGroup = 1B849EF41CBEA0E5001BEBF5;
			productRefGroup = 1B849EFE1CBEA0E5001BEBF5 /* Products */;
			projectDirPath = "";
			projectRoot = "";
			targets = (
				1B849EFC1CBEA0E5001BEBF5 /* SpecialtiesSearch */,
			);
		};
/* End PBXProject section */

/* Begin PBXResourcesBuildPhase section */
		1B849EFB1CBEA0E5001BEBF5 /* Resources */ = {
			isa = PBXResourcesBuildPhase;
			buildActionMask = 2147483647;
			files = (
				1B849F0B1CBEA0E5001BEBF5 /* LaunchScreen.storyboard in Resources */,
				1B849F081CBEA0E5001BEBF5 /* Assets.xcassets in Resources */,
				1B849F061CBEA0E5001BEBF5 /* Main.storyboard in Resources */,
			);
			runOnlyForDeploymentPostprocessing = 0;
		};
/* End PBXResourcesBuildPhase section */

/* Begin PBXShellScriptBuildPhase section */
		475219CEAB9E4CE6D88E6B23 /* Embed Pods Frameworks */ = {
			isa = PBXShellScriptBuildPhase;
			buildActionMask = 2147483647;
			files = (
			);
			inputPaths = (
			);
			name = "Embed Pods Frameworks";
			outputPaths = (
			);
			runOnlyForDeploymentPostprocessing = 0;
			shellPath = /bin/sh;
			shellScript = "\"${SRCROOT}/Pods/Target Support Files/Pods/Pods-frameworks.sh\"\n";
			showEnvVarsInLog = 0;
		};
		8E4F75F254B7ECA04737EA5E /* Check Pods Manifest.lock */ = {
			isa = PBXShellScriptBuildPhase;
			buildActionMask = 2147483647;
			files = (
			);
			inputPaths = (
			);
			name = "Check Pods Manifest.lock";
			outputPaths = (
			);
			runOnlyForDeploymentPostprocessing = 0;
			shellPath = /bin/sh;
			shellScript = "diff \"${PODS_ROOT}/../Podfile.lock\" \"${PODS_ROOT}/Manifest.lock\" > /dev/null\nif [[ $? != 0 ]] ; then\n    cat << EOM\nerror: The sandbox is not in sync with the Podfile.lock. Run 'pod install' or update your CocoaPods installation.\nEOM\n    exit 1\nfi\n";
			showEnvVarsInLog = 0;
		};
		EE0CEC7C18860B67BAF937AD /* Copy Pods Resources */ = {
			isa = PBXShellScriptBuildPhase;
			buildActionMask = 2147483647;
			files = (
			);
			inputPaths = (
			);
			name = "Copy Pods Resources";
			outputPaths = (
			);
			runOnlyForDeploymentPostprocessing = 0;
			shellPath = /bin/sh;
			shellScript = "\"${SRCROOT}/Pods/Target Support Files/Pods/Pods-resources.sh\"\n";
			showEnvVarsInLog = 0;
		};
/* End PBXShellScriptBuildPhase section */

/* Begin PBXSourcesBuildPhase section */
		1B849EF91CBEA0E5001BEBF5 /* Sources */ = {
			isa = PBXSourcesBuildPhase;
			buildActionMask = 2147483647;
			files = (
				1B849F1C1CBEF497001BEBF5 /* MentorTableViewCell.swift in Sources */,
				1B849F1A1CBEA580001BEBF5 /* Mentor.swift in Sources */,
				1B849F031CBEA0E5001BEBF5 /* ViewController.swift in Sources */,
				1B849F011CBEA0E5001BEBF5 /* AppDelegate.swift in Sources */,
			);
			runOnlyForDeploymentPostprocessing = 0;
		};
/* End PBXSourcesBuildPhase section */

/* Begin PBXVariantGroup section */
		1B849F041CBEA0E5001BEBF5 /* Main.storyboard */ = {
			isa = PBXVariantGroup;
			children = (
				1B849F051CBEA0E5001BEBF5 /* Base */,
			);
			name = Main.storyboard;
			sourceTree = "<group>";
		};
		1B849F091CBEA0E5001BEBF5 /* LaunchScreen.storyboard */ = {
			isa = PBXVariantGroup;
			children = (
				1B849F0A1CBEA0E5001BEBF5 /* Base */,
			);
			name = LaunchScreen.storyboard;
			sourceTree = "<group>";
		};
/* End PBXVariantGroup section */

/* Begin XCBuildConfiguration section */
		1B849F0D1CBEA0E5001BEBF5 /* Debug */ = {
			isa = XCBuildConfiguration;
			buildSettings = {
				ALWAYS_SEARCH_USER_PATHS = NO;
				CLANG_ANALYZER_NONNULL = YES;
				CLANG_CXX_LANGUAGE_STANDARD = "gnu++0x";
				CLANG_CXX_LIBRARY = "libc++";
				CLANG_ENABLE_MODULES = YES;
				CLANG_ENABLE_OBJC_ARC = YES;
				CLANG_WARN_BOOL_CONVERSION = YES;
				CLANG_WARN_CONSTANT_CONVERSION = YES;
				CLANG_WARN_DIRECT_OBJC_ISA_USAGE = YES_ERROR;
				CLANG_WARN_EMPTY_BODY = YES;
				CLANG_WARN_ENUM_CONVERSION = YES;
				CLANG_WARN_INT_CONVERSION = YES;
				CLANG_WARN_OBJC_ROOT_CLASS = YES_ERROR;
				CLANG_WARN_UNREACHABLE_CODE = YES;
				CLANG_WARN__DUPLICATE_METHOD_MATCH = YES;
				"CODE_SIGN_IDENTITY[sdk=iphoneos*]" = "iPhone Developer";
				COPY_PHASE_STRIP = NO;
				DEBUG_INFORMATION_FORMAT = dwarf;
				ENABLE_STRICT_OBJC_MSGSEND = YES;
				ENABLE_TESTABILITY = YES;
				GCC_C_LANGUAGE_STANDARD = gnu99;
				GCC_DYNAMIC_NO_PIC = NO;
				GCC_NO_COMMON_BLOCKS = YES;
				GCC_OPTIMIZATION_LEVEL = 0;
				GCC_PREPROCESSOR_DEFINITIONS = (
					"DEBUG=1",
					"$(inherited)",
				);
				GCC_WARN_64_TO_32_BIT_CONVERSION = YES;
				GCC_WARN_ABOUT_RETURN_TYPE = YES_ERROR;
				GCC_WARN_UNDECLARED_SELECTOR = YES;
				GCC_WARN_UNINITIALIZED_AUTOS = YES_AGGRESSIVE;
				GCC_WARN_UNUSED_FUNCTION = YES;
				GCC_WARN_UNUSED_VARIABLE = YES;
				IPHONEOS_DEPLOYMENT_TARGET = 9.3;
				MTL_ENABLE_DEBUG_INFO = YES;
				ONLY_ACTIVE_ARCH = YES;
				SDKROOT = iphoneos;
				SWIFT_OPTIMIZATION_LEVEL = "-Onone";
			};
			name = Debug;
		};
		1B849F0E1CBEA0E5001BEBF5 /* Release */ = {
			isa = XCBuildConfiguration;
			buildSettings = {
				ALWAYS_SEARCH_USER_PATHS = NO;
				CLANG_ANALYZER_NONNULL = YES;
				CLANG_CXX_LANGUAGE_STANDARD = "gnu++0x";
				CLANG_CXX_LIBRARY = "libc++";
				CLANG_ENABLE_MODULES = YES;
				CLANG_ENABLE_OBJC_ARC = YES;
				CLANG_WARN_BOOL_CONVERSION = YES;
				CLANG_WARN_CONSTANT_CONVERSION = YES;
				CLANG_WARN_DIRECT_OBJC_ISA_USAGE = YES_ERROR;
				CLANG_WARN_EMPTY_BODY = YES;
				CLANG_WARN_ENUM_CONVERSION = YES;
				CLANG_WARN_INT_CONVERSION = YES;
				CLANG_WARN_OBJC_ROOT_CLASS = YES_ERROR;
				CLANG_WARN_UNREACHABLE_CODE = YES;
				CLANG_WARN__DUPLICATE_METHOD_MATCH = YES;
				"CODE_SIGN_IDENTITY[sdk=iphoneos*]" = "iPhone Developer";
				COPY_PHASE_STRIP = NO;
				DEBUG_INFORMATION_FORMAT = "dwarf-with-dsym";
				ENABLE_NS_ASSERTIONS = NO;
				ENABLE_STRICT_OBJC_MSGSEND = YES;
				GCC_C_LANGUAGE_STANDARD = gnu99;
				GCC_NO_COMMON_BLOCKS = YES;
				GCC_WARN_64_TO_32_BIT_CONVERSION = YES;
				GCC_WARN_ABOUT_RETURN_TYPE = YES_ERROR;
				GCC_WARN_UNDECLARED_SELECTOR = YES;
				GCC_WARN_UNINITIALIZED_AUTOS = YES_AGGRESSIVE;
				GCC_WARN_UNUSED_FUNCTION = YES;
				GCC_WARN_UNUSED_VARIABLE = YES;
				IPHONEOS_DEPLOYMENT_TARGET = 9.3;
				MTL_ENABLE_DEBUG_INFO = NO;
				SDKROOT = iphoneos;
				VALIDATE_PRODUCT = YES;
			};
			name = Release;
		};
		1B849F101CBEA0E5001BEBF5 /* Debug */ = {
			isa = XCBuildConfiguration;
			baseConfigurationReference = 6E4A9A294FDCB57BDC59F442 /* Pods.debug.xcconfig */;
			buildSettings = {
				ASSETCATALOG_COMPILER_APPICON_NAME = AppIcon;
				INFOPLIST_FILE = SpecialtiesSearch/Info.plist;
				LD_RUNPATH_SEARCH_PATHS = "$(inherited) @executable_path/Frameworks";
				PRODUCT_BUNDLE_IDENTIFIER = nc.SpecialtiesSearch;
				PRODUCT_NAME = "$(TARGET_NAME)";
			};
			name = Debug;
		};
		1B849F111CBEA0E5001BEBF5 /* Release */ = {
			isa = XCBuildConfiguration;
			baseConfigurationReference = F4318F0E6AFC1168912D271A /* Pods.release.xcconfig */;
			buildSettings = {
				ASSETCATALOG_COMPILER_APPICON_NAME = AppIcon;
				INFOPLIST_FILE = SpecialtiesSearch/Info.plist;
				LD_RUNPATH_SEARCH_PATHS = "$(inherited) @executable_path/Frameworks";
				PRODUCT_BUNDLE_IDENTIFIER = nc.SpecialtiesSearch;
				PRODUCT_NAME = "$(TARGET_NAME)";
			};
			name = Release;
		};
/* End XCBuildConfiguration section */

/* Begin XCConfigurationList section */
		1B849EF81CBEA0E5001BEBF5 /* Build configuration list for PBXProject "SpecialtiesSearch" */ = {
			isa = XCConfigurationList;
			buildConfigurations = (
				1B849F0D1CBEA0E5001BEBF5 /* Debug */,
				1B849F0E1CBEA0E5001BEBF5 /* Release */,
			);
			defaultConfigurationIsVisible = 0;
			defaultConfigurationName = Release;
		};
		1B849F0F1CBEA0E5001BEBF5 /* Build configuration list for PBXNativeTarget "SpecialtiesSearch" */ = {
			isa = XCConfigurationList;
			buildConfigurations = (
				1B849F101CBEA0E5001BEBF5 /* Debug */,
				1B849F111CBEA0E5001BEBF5 /* Release */,
			);
			defaultConfigurationIsVisible = 0;
			defaultConfigurationName = Release;
		};
/* End XCConfigurationList section */
	};
	rootObject = 1B849EF51CBEA0E5001BEBF5 /* Project object */;
}
